<Solution>
  <Folder Name="/Docs/">
    <File Path="01-solution-structure.md" />
    <File Path="02-catalog-domain.md" />
    <File Path="03-dependency-inversion.md" />
    <File Path="04-entity-framework-core.md" />
    <File Path="05-catalog-api.md" />
    <File Path="06-Domain Exceptions and Global Error Handling.txt" />
    <File Path="07-product-business-operations.md" />
    <File Path="08-product-category-brand.md" />
    <File Path="09-order-cqrs-and-status.md" />
    <File Path="10-order-catalog-rest.md" />
    <File Path="11-Auth-entity-framework.md" />
  </Folder>
  <Folder Name="/Services/" />
  <Folder Name="/Services/Auth/">
    <Project Path="Services/Auth/Auth.Api/Auth.Api.csproj" />
    <Project Path="Services/Auth/Auth.Application/Auth.Application.csproj" />
    <Project Path="Services/Auth/Auth.Domain/Auth.Domain.csproj" />
    <Project Path="Services/Auth/Auth.Infrastructure/Auth.Infrastructure.csproj" />
  </Folder>
  <Folder Name="/Services/Catalog/">
    <Project Path="Services/Catalog/Catalog.Api/Catalog.Api.csproj" />
    <Project Path="Services/Catalog/Catalog.Application/Catalog.Application.csproj" />
    <Project Path="Services/Catalog/Catalog.Domain/Catalog.Domain.csproj" />
    <Project Path="Services/Catalog/Catalog.Infrastructure/Catalog.Infrastructure.csproj" />
  </Folder>
  <Folder Name="/Services/Order/">
    <Project Path="Services/Order/Order.Api/Order.Api.csproj" Id="c5c15405-e7b4-4a2a-8ce9-4fec5ee6a735" />
    <Project Path="Services/Order/Order.Application/Order.Application.csproj" Id="8f99ed70-802a-46e2-a99f-ef70c3a7fcd4" />
    <Project Path="Services/Order/Order.Domain/Order.Domain.csproj" Id="cd229db9-dab0-40f7-9b99-d5b1f1518454" />
    <Project Path="Services/Order/Order.Infrastructure/Order.Infrastructure.csproj" Id="14b38b07-4dac-4ff1-87f3-8885590b72b7" />
  </Folder>
</Solution>
